
Microsoft Visual Studio Solution File, Format Version 12.00
# Visual Studio Version 16
VisualStudioVersion = 16.0.32630.194
MinimumVisualStudioVersion = 10.0.40219.1
Project("{FAE04EC0-301F-11D3-BF4B-00C04F79EFBC}") = "ProjetoMVC", "ProjetoMVC.csproj", "{3ED02827-4B5F-40E4-889E-F7B277F91607}"
EndProject
Global
	GlobalSection(SolutionConfigurationPlatforms) = preSolution
		Debug|Any CPU = Debug|Any CPU
		Release|Any CPU = Release|Any CPU
	EndGlobalSection
	GlobalSection(ProjectConfigurationPlatforms) = postSolution
		{3ED02827-4B5F-40E4-889E-F7B277F91607}.Debug|Any CPU.ActiveCfg = Debug|Any CPU
		{3ED02827-4B5F-40E4-889E-F7B277F91607}.Debug|Any CPU.Build.0 = Debug|Any CPU
		{3ED02827-4B5F-40E4-889E-F7B277F91607}.Release|Any CPU.ActiveCfg = Release|Any CPU
		{3ED02827-4B5F-40E4-889E-F7B277F91607}.Release|Any CPU.Build.0 = Release|Any CPU
	EndGlobalSection
	GlobalSection(SolutionProperties) = preSolution
		HideSolutionNode = FALSE
	EndGlobalSection
	GlobalSection(ExtensibilityGlobals) = postSolution
		SolutionGuid = {D6D6B1C3-9E95-4301-BCC4-5A50B1BC3C95}
	EndGlobalSection
EndGlobal
